
Microsoft Visual Studio Solution File, Format Version 12.00
# Visual Studio Version 17
VisualStudioVersion = 17.14.36109.1
MinimumVisualStudioVersion = 10.0.40219.1
Project("{FAE04EC0-301F-11D3-BF4B-00C04F79EFBC}") = "ApiLayer", "ApiLayer\ApiLayer.csproj", "{EE5CFF41-9EB6-475A-A8A4-F25A7A884E98}"
EndProject
Project("{FAE04EC0-301F-11D3-BF4B-00C04F79EFBC}") = "DatabaseAccessLayer", "DatabaseAccessLayer\DatabaseAccessLayer.csproj", "{8767B0DE-4AD4-B057-4EE6-9406734B22B4}"
EndProject
Project("{FAE04EC0-301F-11D3-BF4B-00C04F79EFBC}") = "BusinessLogicLayer", "BusinessLogicLayer\BusinessLogicLayer.csproj", "{C912A4C9-4DC0-55B5-1B9D-FD132972197A}"
EndProject
Project("{FAE04EC0-301F-11D3-BF4B-00C04F79EFBC}") = "PresentationLayer", "PresentationLayer\PresentationLayer.csproj", "{3C9A84F4-5475-4E14-A586-2475A17FE919}"
EndProject
Global
	GlobalSection(SolutionConfigurationPlatforms) = preSolution
		Debug|Any CPU = Debug|Any CPU
		Release|Any CPU = Release|Any CPU
	EndGlobalSection
	GlobalSection(ProjectConfigurationPlatforms) = postSolution
		{EE5CFF41-9EB6-475A-A8A4-F25A7A884E98}.Debug|Any CPU.ActiveCfg = Debug|Any CPU
		{EE5CFF41-9EB6-475A-A8A4-F25A7A884E98}.Debug|Any CPU.Build.0 = Debug|Any CPU
		{EE5CFF41-9EB6-475A-A8A4-F25A7A884E98}.Release|Any CPU.ActiveCfg = Release|Any CPU
		{EE5CFF41-9EB6-475A-A8A4-F25A7A884E98}.Release|Any CPU.Build.0 = Release|Any CPU
		{8767B0DE-4AD4-B057-4EE6-9406734B22B4}.Debug|Any CPU.ActiveCfg = Debug|Any CPU
		{8767B0DE-4AD4-B057-4EE6-9406734B22B4}.Debug|Any CPU.Build.0 = Debug|Any CPU
		{8767B0DE-4AD4-B057-4EE6-9406734B22B4}.Release|Any CPU.ActiveCfg = Release|Any CPU
		{8767B0DE-4AD4-B057-4EE6-9406734B22B4}.Release|Any CPU.Build.0 = Release|Any CPU
		{C912A4C9-4DC0-55B5-1B9D-FD132972197A}.Debug|Any CPU.ActiveCfg = Debug|Any CPU
		{C912A4C9-4DC0-55B5-1B9D-FD132972197A}.Debug|Any CPU.Build.0 = Debug|Any CPU
		{C912A4C9-4DC0-55B5-1B9D-FD132972197A}.Release|Any CPU.ActiveCfg = Release|Any CPU
		{C912A4C9-4DC0-55B5-1B9D-FD132972197A}.Release|Any CPU.Build.0 = Release|Any CPU
		{3C9A84F4-5475-4E14-A586-2475A17FE919}.Debug|Any CPU.ActiveCfg = Debug|Any CPU
		{3C9A84F4-5475-4E14-A586-2475A17FE919}.Debug|Any CPU.Build.0 = Debug|Any CPU
		{3C9A84F4-5475-4E14-A586-2475A17FE919}.Release|Any CPU.ActiveCfg = Release|Any CPU
		{3C9A84F4-5475-4E14-A586-2475A17FE919}.Release|Any CPU.Build.0 = Release|Any CPU
	EndGlobalSection
	GlobalSection(SolutionProperties) = preSolution
		HideSolutionNode = FALSE
	EndGlobalSection
	GlobalSection(ExtensibilityGlobals) = postSolution
		SolutionGuid = {2115F09B-CAC2-400D-832C-A9E31454E7AE}
	EndGlobalSection
EndGlobal
